{
  "name": "step1-gnome-shell-hko",
  "version": "1.0.0",
  "lockfileVersion": 2,
  "requires": true,
  "packages": {
    "": {
      "name": "step1-gnome-shell-hko",
      "version": "1.0.0",
      "license": "ISC",
      "devDependencies": {
        "@gi-types/soup3": "^3.0.1"
      }
    },
    "node_modules/@gi-types/gio2": {
      "version": "2.72.1",
      "resolved": "https://registry.npmjs.org/@gi-types/gio2/-/gio2-2.72.1.tgz",
      "integrity": "sha512-V3ASxEbq4xBdw/rcROEbNrTqtFtWfwFOcOsXO+48JPIEqZRTJZcf9LX/ATxi9hxaZXogpmOBMsxuyNsd5ZQXyA==",
      "dev": true,
      "dependencies": {
        "@gi-types/glib2": "^2.72.1",
        "@gi-types/gobject2": "^2.72.1"
      }
    },
    "node_modules/@gi-types/glib2": {
      "version": "2.72.1",
      "resolved": "https://registry.npmjs.org/@gi-types/glib2/-/glib2-2.72.1.tgz",
      "integrity": "sha512-Mfhs1UGV1a0GOLolqA1xC2oVV5cILbJjGh/M9Db3irqWNIWGM0LUFkoG2nRMBpJ0enhIYbqY9CCpGlMpAnyxOw==",
      "dev": true,
      "dependencies": {
        "@gi-types/gobject2": "^2.72.1"
      }
    },
    "node_modules/@gi-types/gobject2": {
      "version": "2.72.1",
      "resolved": "https://registry.npmjs.org/@gi-types/gobject2/-/gobject2-2.72.1.tgz",
      "integrity": "sha512-1UUD2zzwRo7vJLu0J62L1cgB39wjYNs1+6qS0UBhdLhzkOWK+CnVII9CNh21Z4YBs0Oa2d5REeGUiZO4d7a6Zw==",
      "dev": true,
      "dependencies": {
        "@gi-types/glib2": "^2.72.1"
      }
    },
    "node_modules/@gi-types/soup3": {
      "version": "3.0.1",
      "resolved": "https://registry.npmjs.org/@gi-types/soup3/-/soup3-3.0.1.tgz",
      "integrity": "sha512-fZoJA5QHopIcOVf83dbhzRJqpHtbUUmyIinq6nu+sStQTOMQcf8m31cTVJvpjP6PzaBO13xaG3hagccF1PXpvw==",
      "dev": true,
      "dependencies": {
        "@gi-types/gio2": "^2.72.1",
        "@gi-types/glib2": "^2.72.1",
        "@gi-types/gobject2": "^2.72.1"
      }
    }
  },
  "dependencies": {
    "@gi-types/gio2": {
      "version": "2.72.1",
      "resolved": "https://registry.npmjs.org/@gi-types/gio2/-/gio2-2.72.1.tgz",
      "integrity": "sha512-V3ASxEbq4xBdw/rcROEbNrTqtFtWfwFOcOsXO+48JPIEqZRTJZcf9LX/ATxi9hxaZXogpmOBMsxuyNsd5ZQXyA==",
      "dev": true,
      "requires": {
        "@gi-types/glib2": "^2.72.1",
        "@gi-types/gobject2": "^2.72.1"
      }
    },
    "@gi-types/glib2": {
      "version": "2.72.1",
      "resolved": "https://registry.npmjs.org/@gi-types/glib2/-/glib2-2.72.1.tgz",
      "integrity": "sha512-Mfhs1UGV1a0GOLolqA1xC2oVV5cILbJjGh/M9Db3irqWNIWGM0LUFkoG2nRMBpJ0enhIYbqY9CCpGlMpAnyxOw==",
      "dev": true,
      "requires": {
        "@gi-types/gobject2": "^2.72.1"
      }
    },
    "@gi-types/gobject2": {
      "version": "2.72.1",
      "resolved": "https://registry.npmjs.org/@gi-types/gobject2/-/gobject2-2.72.1.tgz",
      "integrity": "sha512-1UUD2zzwRo7vJLu0J62L1cgB39wjYNs1+6qS0UBhdLhzkOWK+CnVII9CNh21Z4YBs0Oa2d5REeGUiZO4d7a6Zw==",
      "dev": true,
      "requires": {
        "@gi-types/glib2": "^2.72.1"
      }
    },
    "@gi-types/soup3": {
      "version": "3.0.1",
      "resolved": "https://registry.npmjs.org/@gi-types/soup3/-/soup3-3.0.1.tgz",
      "integrity": "sha512-fZoJA5QHopIcOVf83dbhzRJqpHtbUUmyIinq6nu+sStQTOMQcf8m31cTVJvpjP6PzaBO13xaG3hagccF1PXpvw==",
      "dev": true,
      "requires": {
        "@gi-types/gio2": "^2.72.1",
        "@gi-types/glib2": "^2.72.1",
        "@gi-types/gobject2": "^2.72.1"
      }
    }
  }
}
